
Microsoft Visual Studio Solution File, Format Version 12.00
# Visual Studio Version 17
VisualStudioVersion = 17.4.33205.214
MinimumVisualStudioVersion = 10.0.40219.1
Project("{FAE04EC0-301F-11D3-BF4B-00C04F79EFBC}") = "CryptoViewer", "CryptoViewer\CryptoViewer.csproj", "{81F3B54A-C793-4BA0-BEF5-375DA0B756EA}"
EndProject
Project("{FAE04EC0-301F-11D3-BF4B-00C04F79EFBC}") = "CryptingUp", "CryptingUp\CryptingUp.csproj", "{8C6F1560-D1F0-411A-9FD8-0B370444BF7E}"
EndProject
Project("{FAE04EC0-301F-11D3-BF4B-00C04F79EFBC}") = "CryptingUp.Tests", "CryptingUpTests\CryptingUp.Tests.csproj", "{58424053-A137-44F8-853B-0C51229544BA}"
EndProject
Project("{FAE04EC0-301F-11D3-BF4B-00C04F79EFBC}") = "Methods", "Methods\Methods.csproj", "{FEA808C0-F837-471A-A08E-B7CCF09792E2}"
EndProject
Project("{2150E333-8FDC-42A3-9474-1A3956D46DE8}") = "Applications", "Applications", "{48CCBC7E-490A-45B9-8433-F1291428080D}"
EndProject
Project("{2150E333-8FDC-42A3-9474-1A3956D46DE8}") = "Libraries", "Libraries", "{CF8CC168-ED66-4349-90BB-9D8DC79B187F}"
EndProject
Project("{2150E333-8FDC-42A3-9474-1A3956D46DE8}") = "Tests", "Tests", "{2469C3F8-8039-47BE-9426-5D4A5950FF25}"
EndProject
Project("{FAE04EC0-301F-11D3-BF4B-00C04F79EFBC}") = "MethodsTests", "Methods.Tests\MethodsTests.csproj", "{8EBEAFB0-E70C-45EF-93D3-1C4F337A65EC}"
EndProject
Project("{FAE04EC0-301F-11D3-BF4B-00C04F79EFBC}") = "CryptoViewerTests", "CryptoViewerTests\CryptoViewerTests.csproj", "{ED1C273E-46A0-40FA-BA70-3D43235D2DEB}"
EndProject
Project("{FAE04EC0-301F-11D3-BF4B-00C04F79EFBC}") = "CryptoViewer.Local", "CryptoViewer.LocalData\CryptoViewer.Local.csproj", "{858819FD-72C5-47C9-9ADB-FD429434F9C7}"
EndProject
Global
	GlobalSection(SolutionConfigurationPlatforms) = preSolution
		Debug|Any CPU = Debug|Any CPU
		Debug|ARM = Debug|ARM
		Debug|ARM64 = Debug|ARM64
		Debug|x64 = Debug|x64
		Debug|x86 = Debug|x86
		Release|Any CPU = Release|Any CPU
		Release|ARM = Release|ARM
		Release|ARM64 = Release|ARM64
		Release|x64 = Release|x64
		Release|x86 = Release|x86
	EndGlobalSection
	GlobalSection(ProjectConfigurationPlatforms) = postSolution
		{81F3B54A-C793-4BA0-BEF5-375DA0B756EA}.Debug|Any CPU.ActiveCfg = Debug|x64
		{81F3B54A-C793-4BA0-BEF5-375DA0B756EA}.Debug|Any CPU.Build.0 = Debug|x64
		{81F3B54A-C793-4BA0-BEF5-375DA0B756EA}.Debug|Any CPU.Deploy.0 = Debug|x64
		{81F3B54A-C793-4BA0-BEF5-375DA0B756EA}.Debug|ARM.ActiveCfg = Debug|ARM
		{81F3B54A-C793-4BA0-BEF5-375DA0B756EA}.Debug|ARM.Build.0 = Debug|ARM
		{81F3B54A-C793-4BA0-BEF5-375DA0B756EA}.Debug|ARM.Deploy.0 = Debug|ARM
		{81F3B54A-C793-4BA0-BEF5-375DA0B756EA}.Debug|ARM64.ActiveCfg = Debug|ARM64
		{81F3B54A-C793-4BA0-BEF5-375DA0B756EA}.Debug|ARM64.Build.0 = Debug|ARM64
		{81F3B54A-C793-4BA0-BEF5-375DA0B756EA}.Debug|ARM64.Deploy.0 = Debug|ARM64
		{81F3B54A-C793-4BA0-BEF5-375DA0B756EA}.Debug|x64.ActiveCfg = Debug|x64
		{81F3B54A-C793-4BA0-BEF5-375DA0B756EA}.Debug|x64.Build.0 = Debug|x64
		{81F3B54A-C793-4BA0-BEF5-375DA0B756EA}.Debug|x64.Deploy.0 = Debug|x64
		{81F3B54A-C793-4BA0-BEF5-375DA0B756EA}.Debug|x86.ActiveCfg = Debug|x86
		{81F3B54A-C793-4BA0-BEF5-375DA0B756EA}.Debug|x86.Build.0 = Debug|x86
		{81F3B54A-C793-4BA0-BEF5-375DA0B756EA}.Debug|x86.Deploy.0 = Debug|x86
		{81F3B54A-C793-4BA0-BEF5-375DA0B756EA}.Release|Any CPU.ActiveCfg = Release|x64
		{81F3B54A-C793-4BA0-BEF5-375DA0B756EA}.Release|Any CPU.Build.0 = Release|x64
		{81F3B54A-C793-4BA0-BEF5-375DA0B756EA}.Release|Any CPU.Deploy.0 = Release|x64
		{81F3B54A-C793-4BA0-BEF5-375DA0B756EA}.Release|ARM.ActiveCfg = Release|ARM
		{81F3B54A-C793-4BA0-BEF5-375DA0B756EA}.Release|ARM.Build.0 = Release|ARM
		{81F3B54A-C793-4BA0-BEF5-375DA0B756EA}.Release|ARM.Deploy.0 = Release|ARM
		{81F3B54A-C793-4BA0-BEF5-375DA0B756EA}.Release|ARM64.ActiveCfg = Release|ARM64
		{81F3B54A-C793-4BA0-BEF5-375DA0B756EA}.Release|ARM64.Build.0 = Release|ARM64
		{81F3B54A-C793-4BA0-BEF5-375DA0B756EA}.Release|ARM64.Deploy.0 = Release|ARM64
		{81F3B54A-C793-4BA0-BEF5-375DA0B756EA}.Release|x64.ActiveCfg = Release|x64
		{81F3B54A-C793-4BA0-BEF5-375DA0B756EA}.Release|x64.Build.0 = Release|x64
		{81F3B54A-C793-4BA0-BEF5-375DA0B756EA}.Release|x64.Deploy.0 = Release|x64
		{81F3B54A-C793-4BA0-BEF5-375DA0B756EA}.Release|x86.ActiveCfg = Release|x86
		{81F3B54A-C793-4BA0-BEF5-375DA0B756EA}.Release|x86.Build.0 = Release|x86
		{81F3B54A-C793-4BA0-BEF5-375DA0B756EA}.Release|x86.Deploy.0 = Release|x86
		{8C6F1560-D1F0-411A-9FD8-0B370444BF7E}.Debug|Any CPU.ActiveCfg = Debug|Any CPU
		{8C6F1560-D1F0-411A-9FD8-0B370444BF7E}.Debug|Any CPU.Build.0 = Debug|Any CPU
		{8C6F1560-D1F0-411A-9FD8-0B370444BF7E}.Debug|ARM.ActiveCfg = Debug|ARM
		{8C6F1560-D1F0-411A-9FD8-0B370444BF7E}.Debug|ARM.Build.0 = Debug|ARM
		{8C6F1560-D1F0-411A-9FD8-0B370444BF7E}.Debug|ARM64.ActiveCfg = Debug|ARM64
		{8C6F1560-D1F0-411A-9FD8-0B370444BF7E}.Debug|ARM64.Build.0 = Debug|ARM64
		{8C6F1560-D1F0-411A-9FD8-0B370444BF7E}.Debug|x64.ActiveCfg = Debug|x64
		{8C6F1560-D1F0-411A-9FD8-0B370444BF7E}.Debug|x64.Build.0 = Debug|x64
		{8C6F1560-D1F0-411A-9FD8-0B370444BF7E}.Debug|x86.ActiveCfg = Debug|x86
		{8C6F1560-D1F0-411A-9FD8-0B370444BF7E}.Debug|x86.Build.0 = Debug|x86
		{8C6F1560-D1F0-411A-9FD8-0B370444BF7E}.Release|Any CPU.ActiveCfg = Release|Any CPU
		{8C6F1560-D1F0-411A-9FD8-0B370444BF7E}.Release|Any CPU.Build.0 = Release|Any CPU
		{8C6F1560-D1F0-411A-9FD8-0B370444BF7E}.Release|ARM.ActiveCfg = Release|ARM
		{8C6F1560-D1F0-411A-9FD8-0B370444BF7E}.Release|ARM.Build.0 = Release|ARM
		{8C6F1560-D1F0-411A-9FD8-0B370444BF7E}.Release|ARM64.ActiveCfg = Release|ARM64
		{8C6F1560-D1F0-411A-9FD8-0B370444BF7E}.Release|ARM64.Build.0 = Release|ARM64
		{8C6F1560-D1F0-411A-9FD8-0B370444BF7E}.Release|x64.ActiveCfg = Release|x64
		{8C6F1560-D1F0-411A-9FD8-0B370444BF7E}.Release|x64.Build.0 = Release|x64
		{8C6F1560-D1F0-411A-9FD8-0B370444BF7E}.Release|x86.ActiveCfg = Release|x86
		{8C6F1560-D1F0-411A-9FD8-0B370444BF7E}.Release|x86.Build.0 = Release|x86
		{58424053-A137-44F8-853B-0C51229544BA}.Debug|Any CPU.ActiveCfg = Debug|x64
		{58424053-A137-44F8-853B-0C51229544BA}.Debug|Any CPU.Build.0 = Debug|x64
		{58424053-A137-44F8-853B-0C51229544BA}.Debug|Any CPU.Deploy.0 = Debug|x64
		{58424053-A137-44F8-853B-0C51229544BA}.Debug|ARM.ActiveCfg = Debug|ARM
		{58424053-A137-44F8-853B-0C51229544BA}.Debug|ARM.Build.0 = Debug|ARM
		{58424053-A137-44F8-853B-0C51229544BA}.Debug|ARM.Deploy.0 = Debug|ARM
		{58424053-A137-44F8-853B-0C51229544BA}.Debug|ARM64.ActiveCfg = Debug|ARM64
		{58424053-A137-44F8-853B-0C51229544BA}.Debug|ARM64.Build.0 = Debug|ARM64
		{58424053-A137-44F8-853B-0C51229544BA}.Debug|ARM64.Deploy.0 = Debug|ARM64
		{58424053-A137-44F8-853B-0C51229544BA}.Debug|x64.ActiveCfg = Debug|x64
		{58424053-A137-44F8-853B-0C51229544BA}.Debug|x64.Build.0 = Debug|x64
		{58424053-A137-44F8-853B-0C51229544BA}.Debug|x64.Deploy.0 = Debug|x64
		{58424053-A137-44F8-853B-0C51229544BA}.Debug|x86.ActiveCfg = Debug|x86
		{58424053-A137-44F8-853B-0C51229544BA}.Debug|x86.Build.0 = Debug|x86
		{58424053-A137-44F8-853B-0C51229544BA}.Debug|x86.Deploy.0 = Debug|x86
		{58424053-A137-44F8-853B-0C51229544BA}.Release|Any CPU.ActiveCfg = Release|x64
		{58424053-A137-44F8-853B-0C51229544BA}.Release|Any CPU.Build.0 = Release|x64
		{58424053-A137-44F8-853B-0C51229544BA}.Release|Any CPU.Deploy.0 = Release|x64
		{58424053-A137-44F8-853B-0C51229544BA}.Release|ARM.ActiveCfg = Release|ARM
		{58424053-A137-44F8-853B-0C51229544BA}.Release|ARM.Build.0 = Release|ARM
		{58424053-A137-44F8-853B-0C51229544BA}.Release|ARM.Deploy.0 = Release|ARM
		{58424053-A137-44F8-853B-0C51229544BA}.Release|ARM64.ActiveCfg = Release|ARM64
		{58424053-A137-44F8-853B-0C51229544BA}.Release|ARM64.Build.0 = Release|ARM64
		{58424053-A137-44F8-853B-0C51229544BA}.Release|ARM64.Deploy.0 = Release|ARM64
		{58424053-A137-44F8-853B-0C51229544BA}.Release|x64.ActiveCfg = Release|x64
		{58424053-A137-44F8-853B-0C51229544BA}.Release|x64.Build.0 = Release|x64
		{58424053-A137-44F8-853B-0C51229544BA}.Release|x64.Deploy.0 = Release|x64
		{58424053-A137-44F8-853B-0C51229544BA}.Release|x86.ActiveCfg = Release|x86
		{58424053-A137-44F8-853B-0C51229544BA}.Release|x86.Build.0 = Release|x86
		{58424053-A137-44F8-853B-0C51229544BA}.Release|x86.Deploy.0 = Release|x86
		{FEA808C0-F837-471A-A08E-B7CCF09792E2}.Debug|Any CPU.ActiveCfg = Debug|Any CPU
		{FEA808C0-F837-471A-A08E-B7CCF09792E2}.Debug|Any CPU.Build.0 = Debug|Any CPU
		{FEA808C0-F837-471A-A08E-B7CCF09792E2}.Debug|ARM.ActiveCfg = Debug|ARM
		{FEA808C0-F837-471A-A08E-B7CCF09792E2}.Debug|ARM.Build.0 = Debug|ARM
		{FEA808C0-F837-471A-A08E-B7CCF09792E2}.Debug|ARM64.ActiveCfg = Debug|ARM64
		{FEA808C0-F837-471A-A08E-B7CCF09792E2}.Debug|ARM64.Build.0 = Debug|ARM64
		{FEA808C0-F837-471A-A08E-B7CCF09792E2}.Debug|x64.ActiveCfg = Debug|x64
		{FEA808C0-F837-471A-A08E-B7CCF09792E2}.Debug|x64.Build.0 = Debug|x64
		{FEA808C0-F837-471A-A08E-B7CCF09792E2}.Debug|x86.ActiveCfg = Debug|x86
		{FEA808C0-F837-471A-A08E-B7CCF09792E2}.Debug|x86.Build.0 = Debug|x86
		{FEA808C0-F837-471A-A08E-B7CCF09792E2}.Release|Any CPU.ActiveCfg = Release|Any CPU
		{FEA808C0-F837-471A-A08E-B7CCF09792E2}.Release|Any CPU.Build.0 = Release|Any CPU
		{FEA808C0-F837-471A-A08E-B7CCF09792E2}.Release|ARM.ActiveCfg = Release|ARM
		{FEA808C0-F837-471A-A08E-B7CCF09792E2}.Release|ARM.Build.0 = Release|ARM
		{FEA808C0-F837-471A-A08E-B7CCF09792E2}.Release|ARM64.ActiveCfg = Release|ARM64
		{FEA808C0-F837-471A-A08E-B7CCF09792E2}.Release|ARM64.Build.0 = Release|ARM64
		{FEA808C0-F837-471A-A08E-B7CCF09792E2}.Release|x64.ActiveCfg = Release|x64
		{FEA808C0-F837-471A-A08E-B7CCF09792E2}.Release|x64.Build.0 = Release|x64
		{FEA808C0-F837-471A-A08E-B7CCF09792E2}.Release|x86.ActiveCfg = Release|x86
		{FEA808C0-F837-471A-A08E-B7CCF09792E2}.Release|x86.Build.0 = Release|x86
		{8EBEAFB0-E70C-45EF-93D3-1C4F337A65EC}.Debug|Any CPU.ActiveCfg = Debug|x64
		{8EBEAFB0-E70C-45EF-93D3-1C4F337A65EC}.Debug|Any CPU.Build.0 = Debug|x64
		{8EBEAFB0-E70C-45EF-93D3-1C4F337A65EC}.Debug|Any CPU.Deploy.0 = Debug|x64
		{8EBEAFB0-E70C-45EF-93D3-1C4F337A65EC}.Debug|ARM.ActiveCfg = Debug|ARM
		{8EBEAFB0-E70C-45EF-93D3-1C4F337A65EC}.Debug|ARM.Build.0 = Debug|ARM
		{8EBEAFB0-E70C-45EF-93D3-1C4F337A65EC}.Debug|ARM.Deploy.0 = Debug|ARM
		{8EBEAFB0-E70C-45EF-93D3-1C4F337A65EC}.Debug|ARM64.ActiveCfg = Debug|ARM64
		{8EBEAFB0-E70C-45EF-93D3-1C4F337A65EC}.Debug|ARM64.Build.0 = Debug|ARM64
		{8EBEAFB0-E70C-45EF-93D3-1C4F337A65EC}.Debug|ARM64.Deploy.0 = Debug|ARM64
		{8EBEAFB0-E70C-45EF-93D3-1C4F337A65EC}.Debug|x64.ActiveCfg = Debug|x64
		{8EBEAFB0-E70C-45EF-93D3-1C4F337A65EC}.Debug|x64.Build.0 = Debug|x64
		{8EBEAFB0-E70C-45EF-93D3-1C4F337A65EC}.Debug|x64.Deploy.0 = Debug|x64
		{8EBEAFB0-E70C-45EF-93D3-1C4F337A65EC}.Debug|x86.ActiveCfg = Debug|x86
		{8EBEAFB0-E70C-45EF-93D3-1C4F337A65EC}.Debug|x86.Build.0 = Debug|x86
		{8EBEAFB0-E70C-45EF-93D3-1C4F337A65EC}.Debug|x86.Deploy.0 = Debug|x86
		{8EBEAFB0-E70C-45EF-93D3-1C4F337A65EC}.Release|Any CPU.ActiveCfg = Release|x64
		{8EBEAFB0-E70C-45EF-93D3-1C4F337A65EC}.Release|Any CPU.Build.0 = Release|x64
		{8EBEAFB0-E70C-45EF-93D3-1C4F337A65EC}.Release|Any CPU.Deploy.0 = Release|x64
		{8EBEAFB0-E70C-45EF-93D3-1C4F337A65EC}.Release|ARM.ActiveCfg = Release|ARM
		{8EBEAFB0-E70C-45EF-93D3-1C4F337A65EC}.Release|ARM.Build.0 = Release|ARM
		{8EBEAFB0-E70C-45EF-93D3-1C4F337A65EC}.Release|ARM.Deploy.0 = Release|ARM
		{8EBEAFB0-E70C-45EF-93D3-1C4F337A65EC}.Release|ARM64.ActiveCfg = Release|ARM64
		{8EBEAFB0-E70C-45EF-93D3-1C4F337A65EC}.Release|ARM64.Build.0 = Release|ARM64
		{8EBEAFB0-E70C-45EF-93D3-1C4F337A65EC}.Release|ARM64.Deploy.0 = Release|ARM64
		{8EBEAFB0-E70C-45EF-93D3-1C4F337A65EC}.Release|x64.ActiveCfg = Release|x64
		{8EBEAFB0-E70C-45EF-93D3-1C4F337A65EC}.Release|x64.Build.0 = Release|x64
		{8EBEAFB0-E70C-45EF-93D3-1C4F337A65EC}.Release|x64.Deploy.0 = Release|x64
		{8EBEAFB0-E70C-45EF-93D3-1C4F337A65EC}.Release|x86.ActiveCfg = Release|x86
		{8EBEAFB0-E70C-45EF-93D3-1C4F337A65EC}.Release|x86.Build.0 = Release|x86
		{8EBEAFB0-E70C-45EF-93D3-1C4F337A65EC}.Release|x86.Deploy.0 = Release|x86
		{ED1C273E-46A0-40FA-BA70-3D43235D2DEB}.Debug|Any CPU.ActiveCfg = Debug|x64
		{ED1C273E-46A0-40FA-BA70-3D43235D2DEB}.Debug|Any CPU.Build.0 = Debug|x64
		{ED1C273E-46A0-40FA-BA70-3D43235D2DEB}.Debug|Any CPU.Deploy.0 = Debug|x64
		{ED1C273E-46A0-40FA-BA70-3D43235D2DEB}.Debug|ARM.ActiveCfg = Debug|ARM
		{ED1C273E-46A0-40FA-BA70-3D43235D2DEB}.Debug|ARM.Build.0 = Debug|ARM
		{ED1C273E-46A0-40FA-BA70-3D43235D2DEB}.Debug|ARM.Deploy.0 = Debug|ARM
		{ED1C273E-46A0-40FA-BA70-3D43235D2DEB}.Debug|ARM64.ActiveCfg = Debug|ARM64
		{ED1C273E-46A0-40FA-BA70-3D43235D2DEB}.Debug|ARM64.Build.0 = Debug|ARM64
		{ED1C273E-46A0-40FA-BA70-3D43235D2DEB}.Debug|ARM64.Deploy.0 = Debug|ARM64
		{ED1C273E-46A0-40FA-BA70-3D43235D2DEB}.Debug|x64.ActiveCfg = Debug|x64
		{ED1C273E-46A0-40FA-BA70-3D43235D2DEB}.Debug|x64.Build.0 = Debug|x64
		{ED1C273E-46A0-40FA-BA70-3D43235D2DEB}.Debug|x64.Deploy.0 = Debug|x64
		{ED1C273E-46A0-40FA-BA70-3D43235D2DEB}.Debug|x86.ActiveCfg = Debug|x86
		{ED1C273E-46A0-40FA-BA70-3D43235D2DEB}.Debug|x86.Build.0 = Debug|x86
		{ED1C273E-46A0-40FA-BA70-3D43235D2DEB}.Debug|x86.Deploy.0 = Debug|x86
		{ED1C273E-46A0-40FA-BA70-3D43235D2DEB}.Release|Any CPU.ActiveCfg = Release|x64
		{ED1C273E-46A0-40FA-BA70-3D43235D2DEB}.Release|Any CPU.Build.0 = Release|x64
		{ED1C273E-46A0-40FA-BA70-3D43235D2DEB}.Release|Any CPU.Deploy.0 = Release|x64
		{ED1C273E-46A0-40FA-BA70-3D43235D2DEB}.Release|ARM.ActiveCfg = Release|ARM
		{ED1C273E-46A0-40FA-BA70-3D43235D2DEB}.Release|ARM.Build.0 = Release|ARM
		{ED1C273E-46A0-40FA-BA70-3D43235D2DEB}.Release|ARM.Deploy.0 = Release|ARM
		{ED1C273E-46A0-40FA-BA70-3D43235D2DEB}.Release|ARM64.ActiveCfg = Release|ARM64
		{ED1C273E-46A0-40FA-BA70-3D43235D2DEB}.Release|ARM64.Build.0 = Release|ARM64
		{ED1C273E-46A0-40FA-BA70-3D43235D2DEB}.Release|ARM64.Deploy.0 = Release|ARM64
		{ED1C273E-46A0-40FA-BA70-3D43235D2DEB}.Release|x64.ActiveCfg = Release|x64
		{ED1C273E-46A0-40FA-BA70-3D43235D2DEB}.Release|x64.Build.0 = Release|x64
		{ED1C273E-46A0-40FA-BA70-3D43235D2DEB}.Release|x64.Deploy.0 = Release|x64
		{ED1C273E-46A0-40FA-BA70-3D43235D2DEB}.Release|x86.ActiveCfg = Release|x86
		{ED1C273E-46A0-40FA-BA70-3D43235D2DEB}.Release|x86.Build.0 = Release|x86
		{ED1C273E-46A0-40FA-BA70-3D43235D2DEB}.Release|x86.Deploy.0 = Release|x86
		{858819FD-72C5-47C9-9ADB-FD429434F9C7}.Debug|Any CPU.ActiveCfg = Debug|Any CPU
		{858819FD-72C5-47C9-9ADB-FD429434F9C7}.Debug|Any CPU.Build.0 = Debug|Any CPU
		{858819FD-72C5-47C9-9ADB-FD429434F9C7}.Debug|ARM.ActiveCfg = Debug|ARM
		{858819FD-72C5-47C9-9ADB-FD429434F9C7}.Debug|ARM.Build.0 = Debug|ARM
		{858819FD-72C5-47C9-9ADB-FD429434F9C7}.Debug|ARM64.ActiveCfg = Debug|ARM64
		{858819FD-72C5-47C9-9ADB-FD429434F9C7}.Debug|ARM64.Build.0 = Debug|ARM64
		{858819FD-72C5-47C9-9ADB-FD429434F9C7}.Debug|x64.ActiveCfg = Debug|x64
		{858819FD-72C5-47C9-9ADB-FD429434F9C7}.Debug|x64.Build.0 = Debug|x64
		{858819FD-72C5-47C9-9ADB-FD429434F9C7}.Debug|x86.ActiveCfg = Debug|x86
		{858819FD-72C5-47C9-9ADB-FD429434F9C7}.Debug|x86.Build.0 = Debug|x86
		{858819FD-72C5-47C9-9ADB-FD429434F9C7}.Release|Any CPU.ActiveCfg = Release|Any CPU
		{858819FD-72C5-47C9-9ADB-FD429434F9C7}.Release|Any CPU.Build.0 = Release|Any CPU
		{858819FD-72C5-47C9-9ADB-FD429434F9C7}.Release|ARM.ActiveCfg = Release|ARM
		{858819FD-72C5-47C9-9ADB-FD429434F9C7}.Release|ARM.Build.0 = Release|ARM
		{858819FD-72C5-47C9-9ADB-FD429434F9C7}.Release|ARM64.ActiveCfg = Release|ARM64
		{858819FD-72C5-47C9-9ADB-FD429434F9C7}.Release|ARM64.Build.0 = Release|ARM64
		{858819FD-72C5-47C9-9ADB-FD429434F9C7}.Release|x64.ActiveCfg = Release|x64
		{858819FD-72C5-47C9-9ADB-FD429434F9C7}.Release|x64.Build.0 = Release|x64
		{858819FD-72C5-47C9-9ADB-FD429434F9C7}.Release|x86.ActiveCfg = Release|x86
		{858819FD-72C5-47C9-9ADB-FD429434F9C7}.Release|x86.Build.0 = Release|x86
	EndGlobalSection
	GlobalSection(SolutionProperties) = preSolution
		HideSolutionNode = FALSE
	EndGlobalSection
	GlobalSection(NestedProjects) = preSolution
		{81F3B54A-C793-4BA0-BEF5-375DA0B756EA} = {48CCBC7E-490A-45B9-8433-F1291428080D}
		{8C6F1560-D1F0-411A-9FD8-0B370444BF7E} = {CF8CC168-ED66-4349-90BB-9D8DC79B187F}
		{58424053-A137-44F8-853B-0C51229544BA} = {2469C3F8-8039-47BE-9426-5D4A5950FF25}
		{FEA808C0-F837-471A-A08E-B7CCF09792E2} = {CF8CC168-ED66-4349-90BB-9D8DC79B187F}
		{8EBEAFB0-E70C-45EF-93D3-1C4F337A65EC} = {2469C3F8-8039-47BE-9426-5D4A5950FF25}
		{ED1C273E-46A0-40FA-BA70-3D43235D2DEB} = {2469C3F8-8039-47BE-9426-5D4A5950FF25}
		{858819FD-72C5-47C9-9ADB-FD429434F9C7} = {CF8CC168-ED66-4349-90BB-9D8DC79B187F}
	EndGlobalSection
	GlobalSection(ExtensibilityGlobals) = postSolution
		SolutionGuid = {7ADDE5D3-6983-4785-BCE4-0A86C8F9793E}
	EndGlobalSection
EndGlobal
